<?xml version="1.0" encoding="utf-8"?>
<Project ToolsVersion="15.0" xmlns="http://schemas.microsoft.com/developer/msbuild/2003">
  <ItemGroup>
    <CustomBuild Include="E:\Documents\VScode\Cmake\VScode\practice1_helloworld\build\CMakeFiles\b6ea28c2ee23f122f7f6681b860a5491\generate.stamp.rule">
      <Filter>CMake Rules</Filter>
    </CustomBuild>
  </ItemGroup>
  <ItemGroup>
    <Filter Include="CMake Rules">
      <UniqueIdentifier>{6E4EFBA5-69B3-3B12-95B1-A0633730AA5B}</UniqueIdentifier>
    </Filter>
  </ItemGroup>
</Project>
